memo = "eb7439e9f518a657c29c831b40b03200986d85bf80a61cbef858fbf896045216"

[[projects]]
  branch = "master"
  name = "github.com/Azure/go-ansiterm"
  packages = [".","winterm"]
  revision = "fa152c58bc15761d0200cb75fe958b89a9d4888e"

[[projects]]
  branch = "master"
  name = "github.com/JamesStewy/go-mysqldump"
  packages = ["."]
  revision = "a49ae482e645a28ee6c80e4fde1cd824203afa46"

[[projects]]
  name = "github.com/Microsoft/go-winio"
  packages = ["."]
  revision = "f3b1913901892ada21d52d0cffe1d4c7080d36b7"
  version = "v0.3.9"

[[projects]]
  name = "github.com/Sirupsen/logrus"
  packages = ["."]
  revision = "ba1b36c82c5e05c4f912a88eab0dcd91a171688f"
  version = "v0.11.5"

[[projects]]
  name = "github.com/cenk/backoff"
  packages = ["."]
  revision = "32cd0c5b3aef12c76ed64aaf678f6c79736be7dc"
  version = "v1.0.0"

[[projects]]
  name = "github.com/docker/docker"
  packages = ["api/types","api/types/blkiodev","api/types/container","api/types/filters","api/types/mount","api/types/network","api/types/registry","api/types/strslice","api/types/swarm","api/types/versions","opts","pkg/archive","pkg/fileutils","pkg/homedir","pkg/idtools","pkg/ioutils","pkg/jsonlog","pkg/jsonmessage","pkg/longpath","pkg/pools","pkg/promise","pkg/stdcopy","pkg/system","pkg/term","pkg/term/windows"]
  revision = "092cba3727bb9b4a2f0e922cd6c0f93ea270e363"
  version = "v1.13.1"

[[projects]]
  name = "github.com/docker/go-connections"
  packages = ["nat"]
  revision = "990a1a1a70b0da4c4cb70e117971a4f0babfbf1a"
  version = "v0.2.1"

[[projects]]
  name = "github.com/docker/go-units"
  packages = ["."]
  revision = "f2d77a61e3c169b43402a0a1e84f06daf29b8190"
  version = "v0.3.1"

[[projects]]
  branch = "master"
  name = "github.com/fsouza/go-dockerclient"
  packages = ["."]
  revision = "30d142bbfdec74e09ecb4bdb89a44440ae4662ac"

[[projects]]
  name = "github.com/go-sql-driver/mysql"
  packages = ["."]
  revision = "a0583e0143b1624142adab07e0e97fe106d99561"
  version = "v1.3"

[[projects]]
  branch = "master"
  name = "github.com/hashicorp/go-cleanhttp"
  packages = ["."]
  revision = "3573b8b52aa7b37b9358d966a898feb387f62437"

[[projects]]
  name = "github.com/opencontainers/runc"
  packages = ["libcontainer/system","libcontainer/user"]
  revision = "baf6536d6259209c3edfa2b22237af82942d3dfa"
  version = "v0.1.1"

[[projects]]
  name = "github.com/pkg/errors"
  packages = ["."]
  revision = "645ef00459ed84a119197bfb8d8205042c6df63d"
  version = "v0.8.0"

[[projects]]
  branch = "master"
  name = "github.com/urfave/cli"
  packages = ["."]
  revision = "ab403a54a148f2d857920810291539e1f817ee7b"

[[projects]]
  name = "github.com/ziutek/mymysql"
  packages = ["godrv","mysql","native"]
  revision = "e08c2f35356576b3c3690c252fe5dca728ae9292"
  version = "v1.5.4"

[[projects]]
  branch = "master"
  name = "golang.org/x/net"
  packages = ["context","context/ctxhttp"]
  revision = "0819898fb4973868bba6de59b6aaad75beea9a6a"

[[projects]]
  branch = "master"
  name = "golang.org/x/sys"
  packages = ["unix","windows"]
  revision = "9ccfe848b9db8435a24c424abbc07a921adf1df5"

[[projects]]
  name = "gopkg.in/ory-am/dockertest.v3"
  packages = ["."]
  revision = "9d0647ae761f96a6738c5afb49688d22979b21ff"
  version = "v3.0.7"
